
Microsoft Visual Studio Solution File, Format Version 12.00
# Visual Studio Version 18
VisualStudioVersion = 18.1.11304.174
MinimumVisualStudioVersion = 10.0.40219.1
Project("{2150E333-8FDC-42A3-9474-1A3956D46DE8}") = "Solution Items", "Solution Items", "{7271F8CF-C4EC-47FE-91F3-FF3331482C4F}"
	ProjectSection(SolutionItems) = preProject
		.gitattributes = .gitattributes
		.gitignore = .gitignore
		Directory.Build.props = Directory.Build.props
		GitVersion.yml = GitVersion.yml
		global.json = global.json
		icon.png = icon.png
		IKVM.ReferenceAssemblies.dist.msbuildproj = IKVM.ReferenceAssemblies.dist.msbuildproj
		.github\workflows\IKVM.ReferenceAssemblies.yml = .github\workflows\IKVM.ReferenceAssemblies.yml
		LICENSE = LICENSE
	EndProjectSection
EndProject
Project("{2150E333-8FDC-42A3-9474-1A3956D46DE8}") = "src", "src", "{7E7C8ABF-FE50-468D-811D-7F6E3B013E7D}"
EndProject
Project("{2150E333-8FDC-42A3-9474-1A3956D46DE8}") = "dist", "dist", "{B964859D-F754-40CE-919A-32C388859D56}"
EndProject
Project("{FAE04EC0-301F-11D3-BF4B-00C04F79EFBC}") = "dist-nuget", "src\dist-nuget\dist-nuget.csproj", "{A9227BCD-FC28-4609-A935-492726826A5D}"
EndProject
Project("{FAE04EC0-301F-11D3-BF4B-00C04F79EFBC}") = "IKVM.ReferenceAssemblies.NETCore.App.net10.0", "src\IKVM.ReferenceAssemblies.NETCore.App.net10.0\IKVM.ReferenceAssemblies.NETCore.App.net10.0.csproj", "{E22F4F1F-8EEC-42C5-965A-914FF2BE5EA7}"
EndProject
Project("{FAE04EC0-301F-11D3-BF4B-00C04F79EFBC}") = "IKVM.ReferenceAssemblies.NETCore.App.net6.0", "src\IKVM.ReferenceAssemblies.NETCore.App.net6.0\IKVM.ReferenceAssemblies.NETCore.App.net6.0.csproj", "{28158717-480F-A679-B5E7-8551A41F13D6}"
EndProject
Project("{FAE04EC0-301F-11D3-BF4B-00C04F79EFBC}") = "IKVM.ReferenceAssemblies.NETCore.App.net8.0", "src\IKVM.ReferenceAssemblies.NETCore.App.net8.0\IKVM.ReferenceAssemblies.NETCore.App.net8.0.csproj", "{8EB411C1-DF15-51EC-000B-3EA4167514DB}"
EndProject
Project("{FAE04EC0-301F-11D3-BF4B-00C04F79EFBC}") = "IKVM.ReferenceAssemblies.NETCore.App.net7.0", "src\IKVM.ReferenceAssemblies.NETCore.App.net7.0\IKVM.ReferenceAssemblies.NETCore.App.net7.0.csproj", "{76B61D04-05BC-3467-201B-379FC4CBAC3A}"
EndProject
Project("{FAE04EC0-301F-11D3-BF4B-00C04F79EFBC}") = "IKVM.ReferenceAssemblies.NETCore.App.net9.0", "src\IKVM.ReferenceAssemblies.NETCore.App.net9.0\IKVM.ReferenceAssemblies.NETCore.App.net9.0.csproj", "{0C7CB331-D988-AB27-0499-F3DF3B851199}"
EndProject
Project("{FAE04EC0-301F-11D3-BF4B-00C04F79EFBC}") = "IKVM.ReferenceAssemblies.NETFramework.net472", "src\IKVM.ReferenceAssemblies.NETFramework.net472\IKVM.ReferenceAssemblies.NETFramework.net472.csproj", "{0F3C65B5-7BD2-DC50-B149-65A1C623AB47}"
EndProject
Project("{FAE04EC0-301F-11D3-BF4B-00C04F79EFBC}") = "IKVM.ReferenceAssemblies.NETFramework.net481", "src\IKVM.ReferenceAssemblies.NETFramework.net481\IKVM.ReferenceAssemblies.NETFramework.net481.csproj", "{FE5F561F-E9BC-03F4-404C-9B641639A14F}"
EndProject
Global
	GlobalSection(SolutionConfigurationPlatforms) = preSolution
		Debug|Any CPU = Debug|Any CPU
		Release|Any CPU = Release|Any CPU
	EndGlobalSection
	GlobalSection(ProjectConfigurationPlatforms) = postSolution
		{A9227BCD-FC28-4609-A935-492726826A5D}.Debug|Any CPU.ActiveCfg = Debug|Any CPU
		{A9227BCD-FC28-4609-A935-492726826A5D}.Debug|Any CPU.Build.0 = Debug|Any CPU
		{A9227BCD-FC28-4609-A935-492726826A5D}.Release|Any CPU.ActiveCfg = Release|Any CPU
		{A9227BCD-FC28-4609-A935-492726826A5D}.Release|Any CPU.Build.0 = Release|Any CPU
		{E22F4F1F-8EEC-42C5-965A-914FF2BE5EA7}.Debug|Any CPU.ActiveCfg = Debug|Any CPU
		{E22F4F1F-8EEC-42C5-965A-914FF2BE5EA7}.Debug|Any CPU.Build.0 = Debug|Any CPU
		{E22F4F1F-8EEC-42C5-965A-914FF2BE5EA7}.Release|Any CPU.ActiveCfg = Release|Any CPU
		{E22F4F1F-8EEC-42C5-965A-914FF2BE5EA7}.Release|Any CPU.Build.0 = Release|Any CPU
		{28158717-480F-A679-B5E7-8551A41F13D6}.Debug|Any CPU.ActiveCfg = Debug|Any CPU
		{28158717-480F-A679-B5E7-8551A41F13D6}.Debug|Any CPU.Build.0 = Debug|Any CPU
		{28158717-480F-A679-B5E7-8551A41F13D6}.Release|Any CPU.ActiveCfg = Release|Any CPU
		{28158717-480F-A679-B5E7-8551A41F13D6}.Release|Any CPU.Build.0 = Release|Any CPU
		{8EB411C1-DF15-51EC-000B-3EA4167514DB}.Debug|Any CPU.ActiveCfg = Debug|Any CPU
		{8EB411C1-DF15-51EC-000B-3EA4167514DB}.Debug|Any CPU.Build.0 = Debug|Any CPU
		{8EB411C1-DF15-51EC-000B-3EA4167514DB}.Release|Any CPU.ActiveCfg = Release|Any CPU
		{8EB411C1-DF15-51EC-000B-3EA4167514DB}.Release|Any CPU.Build.0 = Release|Any CPU
		{76B61D04-05BC-3467-201B-379FC4CBAC3A}.Debug|Any CPU.ActiveCfg = Debug|Any CPU
		{76B61D04-05BC-3467-201B-379FC4CBAC3A}.Debug|Any CPU.Build.0 = Debug|Any CPU
		{76B61D04-05BC-3467-201B-379FC4CBAC3A}.Release|Any CPU.ActiveCfg = Release|Any CPU
		{76B61D04-05BC-3467-201B-379FC4CBAC3A}.Release|Any CPU.Build.0 = Release|Any CPU
		{0C7CB331-D988-AB27-0499-F3DF3B851199}.Debug|Any CPU.ActiveCfg = Debug|Any CPU
		{0C7CB331-D988-AB27-0499-F3DF3B851199}.Debug|Any CPU.Build.0 = Debug|Any CPU
		{0C7CB331-D988-AB27-0499-F3DF3B851199}.Release|Any CPU.ActiveCfg = Release|Any CPU
		{0C7CB331-D988-AB27-0499-F3DF3B851199}.Release|Any CPU.Build.0 = Release|Any CPU
		{0F3C65B5-7BD2-DC50-B149-65A1C623AB47}.Debug|Any CPU.ActiveCfg = Debug|Any CPU
		{0F3C65B5-7BD2-DC50-B149-65A1C623AB47}.Debug|Any CPU.Build.0 = Debug|Any CPU
		{0F3C65B5-7BD2-DC50-B149-65A1C623AB47}.Release|Any CPU.ActiveCfg = Release|Any CPU
		{0F3C65B5-7BD2-DC50-B149-65A1C623AB47}.Release|Any CPU.Build.0 = Release|Any CPU
		{FE5F561F-E9BC-03F4-404C-9B641639A14F}.Debug|Any CPU.ActiveCfg = Debug|Any CPU
		{FE5F561F-E9BC-03F4-404C-9B641639A14F}.Debug|Any CPU.Build.0 = Debug|Any CPU
		{FE5F561F-E9BC-03F4-404C-9B641639A14F}.Release|Any CPU.ActiveCfg = Release|Any CPU
		{FE5F561F-E9BC-03F4-404C-9B641639A14F}.Release|Any CPU.Build.0 = Release|Any CPU
	EndGlobalSection
	GlobalSection(SolutionProperties) = preSolution
		HideSolutionNode = FALSE
	EndGlobalSection
	GlobalSection(NestedProjects) = preSolution
		{A9227BCD-FC28-4609-A935-492726826A5D} = {B964859D-F754-40CE-919A-32C388859D56}
		{E22F4F1F-8EEC-42C5-965A-914FF2BE5EA7} = {7E7C8ABF-FE50-468D-811D-7F6E3B013E7D}
		{28158717-480F-A679-B5E7-8551A41F13D6} = {7E7C8ABF-FE50-468D-811D-7F6E3B013E7D}
		{8EB411C1-DF15-51EC-000B-3EA4167514DB} = {7E7C8ABF-FE50-468D-811D-7F6E3B013E7D}
		{76B61D04-05BC-3467-201B-379FC4CBAC3A} = {7E7C8ABF-FE50-468D-811D-7F6E3B013E7D}
		{0C7CB331-D988-AB27-0499-F3DF3B851199} = {7E7C8ABF-FE50-468D-811D-7F6E3B013E7D}
		{0F3C65B5-7BD2-DC50-B149-65A1C623AB47} = {7E7C8ABF-FE50-468D-811D-7F6E3B013E7D}
		{FE5F561F-E9BC-03F4-404C-9B641639A14F} = {7E7C8ABF-FE50-468D-811D-7F6E3B013E7D}
	EndGlobalSection
	GlobalSection(ExtensibilityGlobals) = postSolution
		SolutionGuid = {FF4B3820-4206-4316-82A5-DEA5792C6A71}
	EndGlobalSection
EndGlobal
